
Microsoft Visual Studio Solution File, Format Version 12.00
# Visual Studio 15
VisualStudioVersion = 15.0.27428.2011
MinimumVisualStudioVersion = 10.0.40219.1
Project("{F184B08F-C81C-45F6-A57F-5ABD9991F28F}") = "tpIntegrador", "tpIntegrador\tpIntegrador.vbproj", "{CB112A95-B096-4168-BD02-36BC57B4FDDD}"
EndProject
Project("{F184B08F-C81C-45F6-A57F-5ABD9991F28F}") = "tpIntegrador.Tests", "tpIntegrador.Tests\tpIntegrador.Tests.vbproj", "{4D3E076A-33D0-4BCC-A9BD-44F84BCE8BF7}"
EndProject
Global
	GlobalSection(SolutionConfigurationPlatforms) = preSolution
		Debug|Any CPU = Debug|Any CPU
		Release|Any CPU = Release|Any CPU
	EndGlobalSection
	GlobalSection(ProjectConfigurationPlatforms) = postSolution
		{CB112A95-B096-4168-BD02-36BC57B4FDDD}.Debug|Any CPU.ActiveCfg = Debug|Any CPU
		{CB112A95-B096-4168-BD02-36BC57B4FDDD}.Debug|Any CPU.Build.0 = Debug|Any CPU
		{CB112A95-B096-4168-BD02-36BC57B4FDDD}.Release|Any CPU.ActiveCfg = Release|Any CPU
		{CB112A95-B096-4168-BD02-36BC57B4FDDD}.Release|Any CPU.Build.0 = Release|Any CPU
		{4D3E076A-33D0-4BCC-A9BD-44F84BCE8BF7}.Debug|Any CPU.ActiveCfg = Debug|Any CPU
		{4D3E076A-33D0-4BCC-A9BD-44F84BCE8BF7}.Debug|Any CPU.Build.0 = Debug|Any CPU
		{4D3E076A-33D0-4BCC-A9BD-44F84BCE8BF7}.Release|Any CPU.ActiveCfg = Release|Any CPU
		{4D3E076A-33D0-4BCC-A9BD-44F84BCE8BF7}.Release|Any CPU.Build.0 = Release|Any CPU
	EndGlobalSection
	GlobalSection(SolutionProperties) = preSolution
		HideSolutionNode = FALSE
	EndGlobalSection
	GlobalSection(ExtensibilityGlobals) = postSolution
		SolutionGuid = {E8533F2E-ED5E-4D7D-9110-91A4D42B0AD9}
	EndGlobalSection
EndGlobal
